{
  "nodes": {
    "nixpkgs": {
      "locked": {
        "lastModified": 1623704699,
        "narHash": "sha256-72dHeRZ44cXsq3wgknOgXrfzR6bXIAtKC4nNsTCaSJI=",
        "owner": "nixos",
        "repo": "nixpkgs",
        "rev": "8db24dec5368ef35657bbca14f0a3baaeefb0f88",
        "type": "github"
      },
      "original": {
        "owner": "nixos",
        "ref": "release-21.05",
        "repo": "nixpkgs",
        "type": "github"
      }
    },
    "root": {
      "inputs": {
        "nixpkgs": "nixpkgs",
        "utils": "utils"
      }
    },
    "utils": {
      "locked": {
        "lastModified": 1623660459,
        "narHash": "sha256-OTmOsh43po7r5F9s9H6lVCBQ2b0FikWbmiwLbMAGRdw=",
        "owner": "numtide",
        "repo": "flake-utils",
        "rev": "98c8d36b1828009b20f12544214683c7489935a1",
        "type": "github"
      },
      "original": {
        "owner": "numtide",
        "repo": "flake-utils",
        "type": "github"
      }
    }
  },
  "root": "root",
  "version": 7
}
